lockfileVersion: '9.0'

settings:
  autoInstallPeers: true
  excludeLinksFromLockfile: false

importers:

  .:
    devDependencies:
      typescript:
        specifier: ^5.9.3
        version: 5.9.3

  packages/analytics:
    dependencies:
      '@supabase/supabase-js':
        specifier: ^2.95.2
        version: 2.105.1
      lucide-react:
        specifier: ^1.14.0
        version: 1.14.0(react@19.2.5)
      react:
        specifier: '>=18 <20'
        version: 19.2.5
      react-dom:
        specifier: '>=18 <20'
        version: 19.2.5(react@19.2.5)
    devDependencies:
      '@types/react':
        specifier: ^19.2.14
        version: 19.2.14
      typescript:
        specifier: ^5.9.3
        version: 5.9.3

  packages/emailer:
    dependencies:
      '@supabase/supabase-js':
        specifier: ^2.95.2
        version: 2.105.1
      react:
        specifier: '>=18 <20'
        version: 19.2.5
      react-dom:
        specifier: '>=18 <20'
        version: 19.2.5(react@19.2.5)
      resend:
        specifier: ^6.6.0
        version: 6.12.2
      zod:
        specifier: 3.25.76
        version: 3.25.76
    devDependencies:
      '@types/node':
        specifier: ^22.19.1
        version: 22.19.17
      '@types/react':
        specifier: ^19.2.14
        version: 19.2.14
      typescript:
        specifier: ^5.9.3
        version: 5.9.3

packages:

  '@stablelib/base64@1.0.1':
    resolution: {integrity: sha512-1bnPQqSxSuc3Ii6MhBysoWCg58j97aUjuCSZrGSmDxNqtytIi0k8utUenAwTZN4V5mXXYGsVUI9zeBqy+jBOSQ==}

  '@supabase/auth-js@2.105.1':
    resolution: {integrity: sha512-zc4s8Xg4truwE1Q4Q8M8oUVDARMd05pKh73NyQsMbYU1HDdDN2iiKzena/yu+yJze3WrD4c092FdckPiK1rLQw==}
    engines: {node: '>=20.0.0'}

  '@supabase/functions-js@2.105.1':
    resolution: {integrity: sha512-dTk1e7oE51VGc1lS2S0J0NLo0Wp4JYChj74ArJKbIWgoWuFwO0wcJYjeyOV3AAEpKst8/LQWUZOUKO1tRXBrpA==}
    engines: {node: '>=20.0.0'}

  '@supabase/phoenix@0.4.1':
    resolution: {integrity: sha512-hWGJkDAfWUNY8k0C080u3sGNFd2ncl9erhKgP7hnGkgJWEfT5Pd/SXal4QmWXBECVlZrannMAc9sBaaRyWpiUA==}

  '@supabase/postgrest-js@2.105.1':
    resolution: {integrity: sha512-6SbtsoWC55xfsm7gbfLqvF+yIwTQEbjt+jFGf4klDpwSnUy17Hv5x0Dq52oqwTQlw6Ta0h1D5gTP0/pApqNojA==}
    engines: {node: '>=20.0.0'}

  '@supabase/realtime-js@2.105.1':
    resolution: {integrity: sha512-3X3cUEl5cJ4lRQHr1hXHx0b98OaL97RRO2vrRZ98FD91JV/MquZHhrGJSv/+IkOnjF6E2e0RUOxE8P3Zi035ow==}
    engines: {node: '>=20.0.0'}

  '@supabase/storage-js@2.105.1':
    resolution: {integrity: sha512-owfdCNH5ikXXDusjzsgU6LavEBqGUoueOnL/9XIucld70/WJ/rbqp89K//c9QPICDNuegsmpoeasydDAiucLKQ==}
    engines: {node: '>=20.0.0'}

  '@supabase/supabase-js@2.105.1':
    resolution: {integrity: sha512-4gn6HmsAkCCVU7p8JmgKGhHJ5Btod4ZzSp8qKZf4JHaTxbhaIK86/usHzeLxWv7EJJDhBmILDmJOSOf9iF4CLA==}
    engines: {node: '>=20.0.0'}

  '@types/node@22.19.17':
    resolution: {integrity: sha512-wGdMcf+vPYM6jikpS/qhg6WiqSV/OhG+jeeHT/KlVqxYfD40iYJf9/AE1uQxVWFvU7MipKRkRv8NSHiCGgPr8Q==}

  '@types/react@19.2.14':
    resolution: {integrity: sha512-ilcTH/UniCkMdtexkoCN0bI7pMcJDvmQFPvuPvmEaYA/NSfFTAgdUSLAoVjaRJm7+6PvcM+q1zYOwS4wTYMF9w==}

  '@types/ws@8.18.1':
    resolution: {integrity: sha512-ThVF6DCVhA8kUGy+aazFQ4kXQ7E1Ty7A3ypFOe0IcJV8O/M511G99AW24irKrW56Wt44yG9+ij8FaqoBGkuBXg==}

  csstype@3.2.3:
    resolution: {integrity: sha512-z1HGKcYy2xA8AGQfwrn0PAy+PB7X/GSj3UVJW9qKyn43xWa+gl5nXmU4qqLMRzWVLFC8KusUX8T/0kCiOYpAIQ==}

  fast-sha256@1.3.0:
    resolution: {integrity: sha512-n11RGP/lrWEFI/bWdygLxhI+pVeo1ZYIVwvvPkW7azl/rOy+F3HYRZ2K5zeE9mmkhQppyv9sQFx0JM9UabnpPQ==}

  iceberg-js@0.8.1:
    resolution: {integrity: sha512-1dhVQZXhcHje7798IVM+xoo/1ZdVfzOMIc8/rgVSijRK38EDqOJoGula9N/8ZI5RD8QTxNQtK/Gozpr+qUqRRA==}
    engines: {node: '>=20.0.0'}

  lucide-react@1.14.0:
    resolution: {integrity: sha512-+1mdWcfSJVUsaTIjN9zoezmUhfXo5l0vP7ekBMPo3jcS/aIkxHnXqAPsByszMZx/Y8oQBRJxJx5xg+RH3urzxA==}
    peerDependencies:
      react: ^16.5.1 || ^17.0.0 || ^18.0.0 || ^19.0.0

  postal-mime@2.7.4:
    resolution: {integrity: sha512-0WdnFQYUrPGGTFu1uOqD2s7omwua8xaeYGdO6rb88oD5yJ/4pPHDA4sdWqfD8wQVfCny563n/HQS7zTFft+f/g==}

  react-dom@19.2.5:
    resolution: {integrity: sha512-J5bAZz+DXMMwW/wV3xzKke59Af6CHY7G4uYLN1OvBcKEsWOs4pQExj86BBKamxl/Ik5bx9whOrvBlSDfWzgSag==}
    peerDependencies:
      react: ^19.2.5

  react@19.2.5:
    resolution: {integrity: sha512-llUJLzz1zTUBrskt2pwZgLq59AemifIftw4aB7JxOqf1HY2FDaGDxgwpAPVzHU1kdWabH7FauP4i1oEeer2WCA==}
    engines: {node: '>=0.10.0'}

  resend@6.12.2:
    resolution: {integrity: sha512-xwgmU4b0OqoabJsIoK/x0Whk0Fcs3bpbK4i/DEWPiE5hYJHyHl0TbB6QbI3gIr+bLdLUJ1GYm/fe41aVFuHXgw==}
    engines: {node: '>=20'}
    peerDependencies:
      '@react-email/render': '*'
    peerDependenciesMeta:
      '@react-email/render':
        optional: true

  scheduler@0.27.0:
    resolution: {integrity: sha512-eNv+WrVbKu1f3vbYJT/xtiF5syA5HPIMtf9IgY/nKg0sWqzAUEvqY/xm7OcZc/qafLx/iO9FgOmeSAp4v5ti/Q==}

  standardwebhooks@1.0.0:
    resolution: {integrity: sha512-BbHGOQK9olHPMvQNHWul6MYlrRTAOKn03rOe4A8O3CLWhNf4YHBqq2HJKKC+sfqpxiBY52pNeesD6jIiLDz8jg==}

  svix@1.90.0:
    resolution: {integrity: sha512-ljkZuyy2+IBEoESkIpn8sLM+sxJHQcPxlZFxU+nVDhltNfUMisMBzWX/UR8SjEnzoI28ZjCzMbmYAPwSTucoMw==}

  tslib@2.8.1:
    resolution: {integrity: sha512-oJFu94HQb+KVduSUQL7wnpmqnfmLsOA/nAh6b6EH0wCEoK0/mPeXU6c3wKDV83MkOuHPRHtSXKKU99IBazS/2w==}

  typescript@5.9.3:
    resolution: {integrity: sha512-jl1vZzPDinLr9eUt3J/t7V6FgNEw9QjvBPdysz9KfQDD41fQrC2Y4vKQdiaUpFT4bXlb1RHhLpp8wtm6M5TgSw==}
    engines: {node: '>=14.17'}
    hasBin: true

  undici-types@6.21.0:
    resolution: {integrity: sha512-iwDZqg0QAGrg9Rav5H4n0M64c3mkR59cJ6wQp+7C4nI0gsmExaedaYLNO44eT4AtBBwjbTiGPMlt2Md0T9H9JQ==}

  uuid@10.0.0:
    resolution: {integrity: sha512-8XkAphELsDnEGrDxUOHB3RGvXz6TeuYSGEZBOjtTtPm2lwhGBjLgOzLHB63IUWfBpNucQjND6d3AOudO+H3RWQ==}
    deprecated: uuid@10 and below is no longer supported.  For ESM codebases, update to uuid@latest.  For CommonJS codebases, use uuid@11 (but be aware this version will likely be deprecated in 2028).
    hasBin: true

  ws@8.20.0:
    resolution: {integrity: sha512-sAt8BhgNbzCtgGbt2OxmpuryO63ZoDk/sqaB/znQm94T4fCEsy/yV+7CdC1kJhOU9lboAEU7R3kquuycDoibVA==}
    engines: {node: '>=10.0.0'}
    peerDependencies:
      bufferutil: ^4.0.1
      utf-8-validate: '>=5.0.2'
    peerDependenciesMeta:
      bufferutil:
        optional: true
      utf-8-validate:
        optional: true

  zod@3.25.76:
    resolution: {integrity: sha512-gzUt/qt81nXsFGKIFcC3YnfEAx5NkunCfnDlvuBSSFS02bcXu4Lmea0AFIUwbLWxWPx3d9p8S5QoaujKcNQxcQ==}

snapshots:

  '@stablelib/base64@1.0.1': {}

  '@supabase/auth-js@2.105.1':
    dependencies:
      tslib: 2.8.1

  '@supabase/functions-js@2.105.1':
    dependencies:
      tslib: 2.8.1

  '@supabase/phoenix@0.4.1': {}

  '@supabase/postgrest-js@2.105.1':
    dependencies:
      tslib: 2.8.1

  '@supabase/realtime-js@2.105.1':
    dependencies:
      '@supabase/phoenix': 0.4.1
      '@types/ws': 8.18.1
      tslib: 2.8.1
      ws: 8.20.0
    transitivePeerDependencies:
      - bufferutil
      - utf-8-validate

  '@supabase/storage-js@2.105.1':
    dependencies:
      iceberg-js: 0.8.1
      tslib: 2.8.1

  '@supabase/supabase-js@2.105.1':
    dependencies:
      '@supabase/auth-js': 2.105.1
      '@supabase/functions-js': 2.105.1
      '@supabase/postgrest-js': 2.105.1
      '@supabase/realtime-js': 2.105.1
      '@supabase/storage-js': 2.105.1
    transitivePeerDependencies:
      - bufferutil
      - utf-8-validate

  '@types/node@22.19.17':
    dependencies:
      undici-types: 6.21.0

  '@types/react@19.2.14':
    dependencies:
      csstype: 3.2.3

  '@types/ws@8.18.1':
    dependencies:
      '@types/node': 22.19.17

  csstype@3.2.3: {}

  fast-sha256@1.3.0: {}

  iceberg-js@0.8.1: {}

  lucide-react@1.14.0(react@19.2.5):
    dependencies:
      react: 19.2.5

  postal-mime@2.7.4: {}

  react-dom@19.2.5(react@19.2.5):
    dependencies:
      react: 19.2.5
      scheduler: 0.27.0

  react@19.2.5: {}

  resend@6.12.2:
    dependencies:
      postal-mime: 2.7.4
      svix: 1.90.0

  scheduler@0.27.0: {}

  standardwebhooks@1.0.0:
    dependencies:
      '@stablelib/base64': 1.0.1
      fast-sha256: 1.3.0

  svix@1.90.0:
    dependencies:
      standardwebhooks: 1.0.0
      uuid: 10.0.0

  tslib@2.8.1: {}

  typescript@5.9.3: {}

  undici-types@6.21.0: {}

  uuid@10.0.0: {}

  ws@8.20.0: {}

  zod@3.25.76: {}
